
Microsoft Visual Studio Solution File, Format Version 12.00
# Visual Studio Version 17
VisualStudioVersion = 17.5.2.0
MinimumVisualStudioVersion = 10.0.40219.1
Project("{FAE04EC0-301F-11D3-BF4B-00C04F79EFBC}") = "MedicalCodingAssistant", "MedicalCodingAssistant\MedicalCodingAssistant.csproj", "{8633C7AA-252B-3240-8261-A9F40A5AA045}"
EndProject
Project("{FAE04EC0-301F-11D3-BF4B-00C04F79EFBC}") = "MedicalCodingAssistant.Tests", "MedicalCodingAssistant.Tests\MedicalCodingAssistant.Tests.csproj", "{77C434F2-C52E-4A54-8A5F-918309A84601}"
EndProject
Global
	GlobalSection(SolutionConfigurationPlatforms) = preSolution
		Debug|Any CPU = Debug|Any CPU
		Debug|x64 = Debug|x64
		Debug|x86 = Debug|x86
		Release|Any CPU = Release|Any CPU
		Release|x64 = Release|x64
		Release|x86 = Release|x86
	EndGlobalSection
	GlobalSection(ProjectConfigurationPlatforms) = postSolution
		{8633C7AA-252B-3240-8261-A9F40A5AA045}.Debug|Any CPU.ActiveCfg = Debug|Any CPU
		{8633C7AA-252B-3240-8261-A9F40A5AA045}.Debug|Any CPU.Build.0 = Debug|Any CPU
		{8633C7AA-252B-3240-8261-A9F40A5AA045}.Debug|x64.ActiveCfg = Debug|Any CPU
		{8633C7AA-252B-3240-8261-A9F40A5AA045}.Debug|x64.Build.0 = Debug|Any CPU
		{8633C7AA-252B-3240-8261-A9F40A5AA045}.Debug|x86.ActiveCfg = Debug|Any CPU
		{8633C7AA-252B-3240-8261-A9F40A5AA045}.Debug|x86.Build.0 = Debug|Any CPU
		{8633C7AA-252B-3240-8261-A9F40A5AA045}.Release|Any CPU.ActiveCfg = Release|Any CPU
		{8633C7AA-252B-3240-8261-A9F40A5AA045}.Release|Any CPU.Build.0 = Release|Any CPU
		{8633C7AA-252B-3240-8261-A9F40A5AA045}.Release|x64.ActiveCfg = Release|Any CPU
		{8633C7AA-252B-3240-8261-A9F40A5AA045}.Release|x64.Build.0 = Release|Any CPU
		{8633C7AA-252B-3240-8261-A9F40A5AA045}.Release|x86.ActiveCfg = Release|Any CPU
		{8633C7AA-252B-3240-8261-A9F40A5AA045}.Release|x86.Build.0 = Release|Any CPU
		{77C434F2-C52E-4A54-8A5F-918309A84601}.Debug|Any CPU.ActiveCfg = Debug|Any CPU
		{77C434F2-C52E-4A54-8A5F-918309A84601}.Debug|Any CPU.Build.0 = Debug|Any CPU
		{77C434F2-C52E-4A54-8A5F-918309A84601}.Debug|x64.ActiveCfg = Debug|Any CPU
		{77C434F2-C52E-4A54-8A5F-918309A84601}.Debug|x64.Build.0 = Debug|Any CPU
		{77C434F2-C52E-4A54-8A5F-918309A84601}.Debug|x86.ActiveCfg = Debug|Any CPU
		{77C434F2-C52E-4A54-8A5F-918309A84601}.Debug|x86.Build.0 = Debug|Any CPU
		{77C434F2-C52E-4A54-8A5F-918309A84601}.Release|Any CPU.ActiveCfg = Release|Any CPU
		{77C434F2-C52E-4A54-8A5F-918309A84601}.Release|Any CPU.Build.0 = Release|Any CPU
		{77C434F2-C52E-4A54-8A5F-918309A84601}.Release|x64.ActiveCfg = Release|Any CPU
		{77C434F2-C52E-4A54-8A5F-918309A84601}.Release|x64.Build.0 = Release|Any CPU
		{77C434F2-C52E-4A54-8A5F-918309A84601}.Release|x86.ActiveCfg = Release|Any CPU
		{77C434F2-C52E-4A54-8A5F-918309A84601}.Release|x86.Build.0 = Release|Any CPU
	EndGlobalSection
	GlobalSection(SolutionProperties) = preSolution
		HideSolutionNode = FALSE
	EndGlobalSection
	GlobalSection(ExtensibilityGlobals) = postSolution
		SolutionGuid = {24B9DCE6-47F9-4EC6-8374-5FA89070D6D8}
	EndGlobalSection
EndGlobal
